
Microsoft Visual Studio Solution File, Format Version 12.00
# Visual Studio Version 17
VisualStudioVersion = 17.2.32616.157
MinimumVisualStudioVersion = 10.0.40219.1
Project("{FAE04EC0-301F-11D3-BF4B-00C04F79EFBC}") = "AccessHQAssessment", "AccessHQAssessment.csproj", "{336005AE-BB9D-4B11-B66C-95C9D9974D71}"
EndProject
Global
	GlobalSection(SolutionConfigurationPlatforms) = preSolution
		Debug|Any CPU = Debug|Any CPU
		Release|Any CPU = Release|Any CPU
	EndGlobalSection
	GlobalSection(ProjectConfigurationPlatforms) = postSolution
		{336005AE-BB9D-4B11-B66C-95C9D9974D71}.Debug|Any CPU.ActiveCfg = Debug|Any CPU
		{336005AE-BB9D-4B11-B66C-95C9D9974D71}.Debug|Any CPU.Build.0 = Debug|Any CPU
		{336005AE-BB9D-4B11-B66C-95C9D9974D71}.Release|Any CPU.ActiveCfg = Release|Any CPU
		{336005AE-BB9D-4B11-B66C-95C9D9974D71}.Release|Any CPU.Build.0 = Release|Any CPU
	EndGlobalSection
	GlobalSection(SolutionProperties) = preSolution
		HideSolutionNode = FALSE
	EndGlobalSection
	GlobalSection(ExtensibilityGlobals) = postSolution
		SolutionGuid = {E1619171-D951-49D3-916B-7254F1696343}
	EndGlobalSection
EndGlobal
